// !$*UTF8*$!
{
	archiveVersion = 1;
	classes = {
	};
	objectVersion = 50;
	objects = {

/* Begin PBXBuildFile section */
		3DF2E9FF2627975000EDA92E /* AppDelegate.swift in Sources */ = {isa = PBXBuildFile; fileRef = 3DF2E9FE2627975000EDA92E /* AppDelegate.swift */; };
		3DF2EA012627975000EDA92E /* SceneDelegate.swift in Sources */ = {isa = PBXBuildFile; fileRef = 3DF2EA002627975000EDA92E /* SceneDelegate.swift */; };
		3DF2EA032627975000EDA92E /* ViewController.swift in Sources */ = {isa = PBXBuildFile; fileRef = 3DF2EA022627975000EDA92E /* ViewController.swift */; };
		3DF2EA062627975000EDA92E /* Main.storyboard in Resources */ = {isa = PBXBuildFile; fileRef = 3DF2EA042627975000EDA92E /* Main.storyboard */; };
		3DF2EA082627975300EDA92E /* Assets.xcassets in Resources */ = {isa = PBXBuildFile; fileRef = 3DF2EA072627975300EDA92E /* Assets.xcassets */; };
		3DF2EA0B2627975300EDA92E /* LaunchScreen.storyboard in Resources */ = {isa = PBXBuildFile; fileRef = 3DF2EA092627975300EDA92E /* LaunchScreen.storyboard */; };
		3DF2EA152627A2BF00EDA92E /* EvivaViewController.swift in Sources */ = {isa = PBXBuildFile; fileRef = 3DF2EA142627A2BF00EDA92E /* EvivaViewController.swift */; };
		3DF2EA182627A4E800EDA92E /* GuideViewController.swift in Sources */ = {isa = PBXBuildFile; fileRef = 3DF2EA172627A4E800EDA92E /* GuideViewController.swift */; };
		3DF2EA1B2627AB5F00EDA92E /* CanoeViewController.swift in Sources */ = {isa = PBXBuildFile; fileRef = 3DF2EA1A2627AB5F00EDA92E /* CanoeViewController.swift */; };
/* End PBXBuildFile section */

/* Begin PBXFileReference section */
		3DF2E9FB2627975000EDA92E /* Guide.app */ = {isa = PBXFileReference; explicitFileType = wrapper.application; includeInIndex = 0; path = Guide.app; sourceTree = BUILT_PRODUCTS_DIR; };
		3DF2E9FE2627975000EDA92E /* AppDelegate.swift */ = {isa = PBXFileReference; lastKnownFileType = sourcecode.swift; path = AppDelegate.swift; sourceTree = "<group>"; };
		3DF2EA002627975000EDA92E /* SceneDelegate.swift */ = {isa = PBXFileReference; lastKnownFileType = sourcecode.swift; path = SceneDelegate.swift; sourceTree = "<group>"; };
		3DF2EA022627975000EDA92E /* ViewController.swift */ = {isa = PBXFileReference; lastKnownFileType = sourcecode.swift; path = ViewController.swift; sourceTree = "<group>"; };
		3DF2EA052627975000EDA92E /* Base */ = {isa = PBXFileReference; lastKnownFileType = file.storyboard; name = Base; path = Base.lproj/Main.storyboard; sourceTree = "<group>"; };
		3DF2EA072627975300EDA92E /* Assets.xcassets */ = {isa = PBXFileReference; lastKnownFileType = folder.assetcatalog; path = Assets.xcassets; sourceTree = "<group>"; };
		3DF2EA0A2627975300EDA92E /* Base */ = {isa = PBXFileReference; lastKnownFileType = file.storyboard; name = Base; path = Base.lproj/LaunchScreen.storyboard; sourceTree = "<group>"; };
		3DF2EA0C2627975300EDA92E /* Info.plist */ = {isa = PBXFileReference; lastKnownFileType = text.plist.xml; path = Info.plist; sourceTree = "<group>"; };
		3DF2EA142627A2BF00EDA92E /* EvivaViewController.swift */ = {isa = PBXFileReference; lastKnownFileType = sourcecode.swift; path = EvivaViewController.swift; sourceTree = "<group>"; };
		3DF2EA172627A4E800EDA92E /* GuideViewController.swift */ = {isa = PBXFileReference; lastKnownFileType = sourcecode.swift; path = GuideViewController.swift; sourceTree = "<group>"; };
		3DF2EA1A2627AB5F00EDA92E /* CanoeViewController.swift */ = {isa = PBXFileReference; lastKnownFileType = sourcecode.swift; path = CanoeViewController.swift; sourceTree = "<group>"; };
/* End PBXFileReference section */

/* Begin PBXFrameworksBuildPhase section */
		3DF2E9F82627975000EDA92E /* Frameworks */ = {
			isa = PBXFrameworksBuildPhase;
			buildActionMask = 2147483647;
			files = (
			);
			runOnlyForDeploymentPostprocessing = 0;
		};
/* End PBXFrameworksBuildPhase section */

/* Begin PBXGroup section */
		3DF2E9F22627975000EDA92E = {
			isa = PBXGroup;
			children = (
				3DF2E9FD2627975000EDA92E /* Guide */,
				3DF2E9FC2627975000EDA92E /* Products */,
			);
			sourceTree = "<group>";
		};
		3DF2E9FC2627975000EDA92E /* Products */ = {
			isa = PBXGroup;
			children = (
				3DF2E9FB2627975000EDA92E /* Guide.app */,
			);
			name = Products;
			sourceTree = "<group>";
		};
		3DF2E9FD2627975000EDA92E /* Guide */ = {
			isa = PBXGroup;
			children = (
				3DF2E9FE2627975000EDA92E /* AppDelegate.swift */,
				3DF2EA002627975000EDA92E /* SceneDelegate.swift */,
				3DF2EA022627975000EDA92E /* ViewController.swift */,
				3DF2EA042627975000EDA92E /* Main.storyboard */,
				3DF2EA1A2627AB5F00EDA92E /* CanoeViewController.swift */,
				3DF2EA172627A4E800EDA92E /* GuideViewController.swift */,
				3DF2EA142627A2BF00EDA92E /* EvivaViewController.swift */,
				3DF2EA072627975300EDA92E /* Assets.xcassets */,
				3DF2EA092627975300EDA92E /* LaunchScreen.storyboard */,
				3DF2EA0C2627975300EDA92E /* Info.plist */,
			);
			path = Guide;
			sourceTree = "<group>";
		};
/* End PBXGroup section */

/* Begin PBXNativeTarget section */
		3DF2E9FA2627975000EDA92E /* Guide */ = {
			isa = PBXNativeTarget;
			buildConfigurationList = 3DF2EA0F2627975300EDA92E /* Build configuration list for PBXNativeTarget "Guide" */;
			buildPhases = (
				3DF2E9F72627975000EDA92E /* Sources */,
				3DF2E9F82627975000EDA92E /* Frameworks */,
				3DF2E9F92627975000EDA92E /* Resources */,
			);
			buildRules = (
			);
			dependencies = (
			);
			name = Guide;
			productName = Guide;
			productReference = 3DF2E9FB2627975000EDA92E /* Guide.app */;
			productType = "com.apple.product-type.application";
		};
/* End PBXNativeTarget section */

/* Begin PBXProject section */
		3DF2E9F32627975000EDA92E /* Project object */ = {
			isa = PBXProject;
			attributes = {
				LastSwiftUpdateCheck = 1240;
				LastUpgradeCheck = 1240;
				TargetAttributes = {
					3DF2E9FA2627975000EDA92E = {
						CreatedOnToolsVersion = 12.4;
					};
				};
			};
			buildConfigurationList = 3DF2E9F62627975000EDA92E /* Build configuration list for PBXProject "Guide" */;
			compatibilityVersion = "Xcode 9.3";
			developmentRegion = en;
			hasScannedForEncodings = 0;
			knownRegions = (
				en,
				Base,
			);
			mainGroup = 3DF2E9F22627975000EDA92E;
			productRefGroup = 3DF2E9FC2627975000EDA92E /* Products */;
			projectDirPath = "";
			projectRoot = "";
			targets = (
				3DF2E9FA2627975000EDA92E /* Guide */,
			);
		};
/* End PBXProject section */

/* Begin PBXResourcesBuildPhase section */
		3DF2E9F92627975000EDA92E /* Resources */ = {
			isa = PBXResourcesBuildPhase;
			buildActionMask = 2147483647;
			files = (
				3DF2EA0B2627975300EDA92E /* LaunchScreen.storyboard in Resources */,
				3DF2EA082627975300EDA92E /* Assets.xcassets in Resources */,
				3DF2EA062627975000EDA92E /* Main.storyboard in Resources */,
			);
			runOnlyForDeploymentPostprocessing = 0;
		};
/* End PBXResourcesBuildPhase section */

/* Begin PBXSourcesBuildPhase section */
		3DF2E9F72627975000EDA92E /* Sources */ = {
			isa = PBXSourcesBuildPhase;
			buildActionMask = 2147483647;
			files = (
				3DF2EA032627975000EDA92E /* ViewController.swift in Sources */,
				3DF2E9FF2627975000EDA92E /* AppDelegate.swift in Sources */,
				3DF2EA152627A2BF00EDA92E /* EvivaViewController.swift in Sources */,
				3DF2EA1B2627AB5F00EDA92E /* CanoeViewController.swift in Sources */,
				3DF2EA182627A4E800EDA92E /* GuideViewController.swift in Sources */,
				3DF2EA012627975000EDA92E /* SceneDelegate.swift in Sources */,
			);
			runOnlyForDeploymentPostprocessing = 0;
		};
/* End PBXSourcesBuildPhase section */

/* Begin PBXVariantGroup section */
		3DF2EA042627975000EDA92E /* Main.storyboard */ = {
			isa = PBXVariantGroup;
			children = (
				3DF2EA052627975000EDA92E /* Base */,
			);
			name = Main.storyboard;
			sourceTree = "<group>";
		};
		3DF2EA092627975300EDA92E /* LaunchScreen.storyboard */ = {
			isa = PBXVariantGroup;
			children = (
				3DF2EA0A2627975300EDA92E /* Base */,
			);
			name = LaunchScreen.storyboard;
			sourceTree = "<group>";
		};
/* End PBXVariantGroup section */

/* Begin XCBuildConfiguration section */
		3DF2EA0D2627975300EDA92E /* Debug */ = {
			isa = XCBuildConfiguration;
			buildSettings = {
				ALWAYS_SEARCH_USER_PATHS = NO;
				CLANG_ANALYZER_NONNULL = YES;
				CLANG_ANALYZER_NUMBER_OBJECT_CONVERSION = YES_AGGRESSIVE;
				CLANG_CXX_LANGUAGE_STANDARD = "gnu++14";
				CLANG_CXX_LIBRARY = "libc++";
				CLANG_ENABLE_MODULES = YES;
				CLANG_ENABLE_OBJC_ARC = YES;
				CLANG_ENABLE_OBJC_WEAK = YES;
				CLANG_WARN_BLOCK_CAPTURE_AUTORELEASING = YES;
				CLANG_WARN_BOOL_CONVERSION = YES;
				CLANG_WARN_COMMA = YES;
				CLANG_WARN_CONSTANT_CONVERSION = YES;
				CLANG_WARN_DEPRECATED_OBJC_IMPLEMENTATIONS = YES;
				CLANG_WARN_DIRECT_OBJC_ISA_USAGE = YES_ERROR;
				CLANG_WARN_DOCUMENTATION_COMMENTS = YES;
				CLANG_WARN_EMPTY_BODY = YES;
				CLANG_WARN_ENUM_CONVERSION = YES;
				CLANG_WARN_INFINITE_RECURSION = YES;
				CLANG_WARN_INT_CONVERSION = YES;
				CLANG_WARN_NON_LITERAL_NULL_CONVERSION = YES;
				CLANG_WARN_OBJC_IMPLICIT_RETAIN_SELF = YES;
				CLANG_WARN_OBJC_LITERAL_CONVERSION = YES;
				CLANG_WARN_OBJC_ROOT_CLASS = YES_ERROR;
				CLANG_WARN_QUOTED_INCLUDE_IN_FRAMEWORK_HEADER = YES;
				CLANG_WARN_RANGE_LOOP_ANALYSIS = YES;
				CLANG_WARN_STRICT_PROTOTYPES = YES;
				CLANG_WARN_SUSPICIOUS_MOVE = YES;
				CLANG_WARN_UNGUARDED_AVAILABILITY = YES_AGGRESSIVE;
				CLANG_WARN_UNREACHABLE_CODE = YES;
				CLANG_WARN__DUPLICATE_METHOD_MATCH = YES;
				COPY_PHASE_STRIP = NO;
				DEBUG_INFORMATION_FORMAT = dwarf;
				ENABLE_STRICT_OBJC_MSGSEND = YES;
				ENABLE_TESTABILITY = YES;
				GCC_C_LANGUAGE_STANDARD = gnu11;
				GCC_DYNAMIC_NO_PIC = NO;
				GCC_NO_COMMON_BLOCKS = YES;
				GCC_OPTIMIZATION_LEVEL = 0;
				GCC_PREPROCESSOR_DEFINITIONS = (
					"DEBUG=1",
					"$(inherited)",
				);
				GCC_WARN_64_TO_32_BIT_CONVERSION = YES;
				GCC_WARN_ABOUT_RETURN_TYPE = YES_ERROR;
				GCC_WARN_UNDECLARED_SELECTOR = YES;
				GCC_WARN_UNINITIALIZED_AUTOS = YES_AGGRESSIVE;
				GCC_WARN_UNUSED_FUNCTION = YES;
				GCC_WARN_UNUSED_VARIABLE = YES;
				IPHONEOS_DEPLOYMENT_TARGET = 14.4;
				MTL_ENABLE_DEBUG_INFO = INCLUDE_SOURCE;
				MTL_FAST_MATH = YES;
				ONLY_ACTIVE_ARCH = YES;
				SDKROOT = iphoneos;
				SWIFT_ACTIVE_COMPILATION_CONDITIONS = DEBUG;
				SWIFT_OPTIMIZATION_LEVEL = "-Onone";
			};
			name = Debug;
		};
		3DF2EA0E2627975300EDA92E /* Release */ = {
			isa = XCBuildConfiguration;
			buildSettings = {
				ALWAYS_SEARCH_USER_PATHS = NO;
				CLANG_ANALYZER_NONNULL = YES;
				CLANG_ANALYZER_NUMBER_OBJECT_CONVERSION = YES_AGGRESSIVE;
				CLANG_CXX_LANGUAGE_STANDARD = "gnu++14";
				CLANG_CXX_LIBRARY = "libc++";
				CLANG_ENABLE_MODULES = YES;
				CLANG_ENABLE_OBJC_ARC = YES;
				CLANG_ENABLE_OBJC_WEAK = YES;
				CLANG_WARN_BLOCK_CAPTURE_AUTORELEASING = YES;
				CLANG_WARN_BOOL_CONVERSION = YES;
				CLANG_WARN_COMMA = YES;
				CLANG_WARN_CONSTANT_CONVERSION = YES;
				CLANG_WARN_DEPRECATED_OBJC_IMPLEMENTATIONS = YES;
				CLANG_WARN_DIRECT_OBJC_ISA_USAGE = YES_ERROR;
				CLANG_WARN_DOCUMENTATION_COMMENTS = YES;
				CLANG_WARN_EMPTY_BODY = YES;
				CLANG_WARN_ENUM_CONVERSION = YES;
				CLANG_WARN_INFINITE_RECURSION = YES;
				CLANG_WARN_INT_CONVERSION = YES;
				CLANG_WARN_NON_LITERAL_NULL_CONVERSION = YES;
				CLANG_WARN_OBJC_IMPLICIT_RETAIN_SELF = YES;
				CLANG_WARN_OBJC_LITERAL_CONVERSION = YES;
				CLANG_WARN_OBJC_ROOT_CLASS = YES_ERROR;
				CLANG_WARN_QUOTED_INCLUDE_IN_FRAMEWORK_HEADER = YES;
				CLANG_WARN_RANGE_LOOP_ANALYSIS = YES;
				CLANG_WARN_STRICT_PROTOTYPES = YES;
				CLANG_WARN_SUSPICIOUS_MOVE = YES;
				CLANG_WARN_UNGUARDED_AVAILABILITY = YES_AGGRESSIVE;
				CLANG_WARN_UNREACHABLE_CODE = YES;
				CLANG_WARN__DUPLICATE_METHOD_MATCH = YES;
				COPY_PHASE_STRIP = NO;
				DEBUG_INFORMATION_FORMAT = "dwarf-with-dsym";
				ENABLE_NS_ASSERTIONS = NO;
				ENABLE_STRICT_OBJC_MSGSEND = YES;
				GCC_C_LANGUAGE_STANDARD = gnu11;
				GCC_NO_COMMON_BLOCKS = YES;
				GCC_WARN_64_TO_32_BIT_CONVERSION = YES;
				GCC_WARN_ABOUT_RETURN_TYPE = YES_ERROR;
				GCC_WARN_UNDECLARED_SELECTOR = YES;
				GCC_WARN_UNINITIALIZED_AUTOS = YES_AGGRESSIVE;
				GCC_WARN_UNUSED_FUNCTION = YES;
				GCC_WARN_UNUSED_VARIABLE = YES;
				IPHONEOS_DEPLOYMENT_TARGET = 14.4;
				MTL_ENABLE_DEBUG_INFO = NO;
				MTL_FAST_MATH = YES;
				SDKROOT = iphoneos;
				SWIFT_COMPILATION_MODE = wholemodule;
				SWIFT_OPTIMIZATION_LEVEL = "-O";
				VALIDATE_PRODUCT = YES;
			};
			name = Release;
		};
		3DF2EA102627975300EDA92E /* Debug */ = {
			isa = XCBuildConfiguration;
			buildSettings = {
				ASSETCATALOG_COMPILER_APPICON_NAME = AppIcon;
				ASSETCATALOG_COMPILER_GLOBAL_ACCENT_COLOR_NAME = AccentColor;
				CODE_SIGN_STYLE = Automatic;
				DEVELOPMENT_TEAM = Y3YDZ6L7K8;
				INFOPLIST_FILE = Guide/Info.plist;
				LD_RUNPATH_SEARCH_PATHS = (
					"$(inherited)",
					"@executable_path/Frameworks",
				);
				PRODUCT_BUNDLE_IDENTIFIER = com.matthewmukherjee.Guide;
				PRODUCT_NAME = "$(TARGET_NAME)";
				SWIFT_VERSION = 5.0;
				TARGETED_DEVICE_FAMILY = "1,2";
			};
			name = Debug;
		};
		3DF2EA112627975300EDA92E /* Release */ = {
			isa = XCBuildConfiguration;
			buildSettings = {
				ASSETCATALOG_COMPILER_APPICON_NAME = AppIcon;
				ASSETCATALOG_COMPILER_GLOBAL_ACCENT_COLOR_NAME = AccentColor;
				CODE_SIGN_STYLE = Automatic;
				DEVELOPMENT_TEAM = Y3YDZ6L7K8;
				INFOPLIST_FILE = Guide/Info.plist;
				LD_RUNPATH_SEARCH_PATHS = (
					"$(inherited)",
					"@executable_path/Frameworks",
				);
				PRODUCT_BUNDLE_IDENTIFIER = com.matthewmukherjee.Guide;
				PRODUCT_NAME = "$(TARGET_NAME)";
				SWIFT_VERSION = 5.0;
				TARGETED_DEVICE_FAMILY = "1,2";
			};
			name = Release;
		};
/* End XCBuildConfiguration section */

/* Begin XCConfigurationList section */
		3DF2E9F62627975000EDA92E /* Build configuration list for PBXProject "Guide" */ = {
			isa = XCConfigurationList;
			buildConfigurations = (
				3DF2EA0D2627975300EDA92E /* Debug */,
				3DF2EA0E2627975300EDA92E /* Release */,
			);
			defaultConfigurationIsVisible = 0;
			defaultConfigurationName = Release;
		};
		3DF2EA0F2627975300EDA92E /* Build configuration list for PBXNativeTarget "Guide" */ = {
			isa = XCConfigurationList;
			buildConfigurations = (
				3DF2EA102627975300EDA92E /* Debug */,
				3DF2EA112627975300EDA92E /* Release */,
			);
			defaultConfigurationIsVisible = 0;
			defaultConfigurationName = Release;
		};
/* End XCConfigurationList section */
	};
	rootObject = 3DF2E9F32627975000EDA92E /* Project object */;
}
